
Microsoft Visual Studio Solution File, Format Version 12.00
# Visual Studio Version 17
VisualStudioVersion = 17.4.33110.190
MinimumVisualStudioVersion = 10.0.40219.1
Project("{FAE04EC0-301F-11D3-BF4B-00C04F79EFBC}") = "Lab_15", "Lab_15\Lab_15.csproj", "{44C719F0-26D1-4AC0-9505-D947A12EDFB9}"
EndProject
Project("{FAE04EC0-301F-11D3-BF4B-00C04F79EFBC}") = "UnitTestProject1", "UnitTestProject1\UnitTestProject1.csproj", "{5D2B3A8D-8E12-42F1-B356-1018883E0B34}"
EndProject
Global
	GlobalSection(SolutionConfigurationPlatforms) = preSolution
		Debug|Any CPU = Debug|Any CPU
		Release|Any CPU = Release|Any CPU
	EndGlobalSection
	GlobalSection(ProjectConfigurationPlatforms) = postSolution
		{44C719F0-26D1-4AC0-9505-D947A12EDFB9}.Debug|Any CPU.ActiveCfg = Debug|Any CPU
		{44C719F0-26D1-4AC0-9505-D947A12EDFB9}.Debug|Any CPU.Build.0 = Debug|Any CPU
		{44C719F0-26D1-4AC0-9505-D947A12EDFB9}.Release|Any CPU.ActiveCfg = Release|Any CPU
		{44C719F0-26D1-4AC0-9505-D947A12EDFB9}.Release|Any CPU.Build.0 = Release|Any CPU
		{5D2B3A8D-8E12-42F1-B356-1018883E0B34}.Debug|Any CPU.ActiveCfg = Debug|Any CPU
		{5D2B3A8D-8E12-42F1-B356-1018883E0B34}.Debug|Any CPU.Build.0 = Debug|Any CPU
		{5D2B3A8D-8E12-42F1-B356-1018883E0B34}.Release|Any CPU.ActiveCfg = Release|Any CPU
		{5D2B3A8D-8E12-42F1-B356-1018883E0B34}.Release|Any CPU.Build.0 = Release|Any CPU
	EndGlobalSection
	GlobalSection(SolutionProperties) = preSolution
		HideSolutionNode = FALSE
	EndGlobalSection
	GlobalSection(ExtensibilityGlobals) = postSolution
		SolutionGuid = {34E68681-EF6F-4DED-904F-7716B6B6E596}
	EndGlobalSection
EndGlobal
